// !$*UTF8*$!
{
	archiveVersion = 1;
	classes = {
	};
	objectVersion = 46;
	objects = {

/* Begin PBXBuildFile section */
		C03A54471B01A87F0020FD05 /* AppDelegate.swift in Sources */ = {isa = PBXBuildFile; fileRef = C03A54461B01A87F0020FD05 /* AppDelegate.swift */; };
		C03A54491B01A87F0020FD05 /* RecordSoundsViewController.swift in Sources */ = {isa = PBXBuildFile; fileRef = C03A54481B01A87F0020FD05 /* RecordSoundsViewController.swift */; };
		C03A544C1B01A87F0020FD05 /* Main.storyboard in Resources */ = {isa = PBXBuildFile; fileRef = C03A544A1B01A87F0020FD05 /* Main.storyboard */; };
		C03A544E1B01A87F0020FD05 /* Images.xcassets in Resources */ = {isa = PBXBuildFile; fileRef = C03A544D1B01A87F0020FD05 /* Images.xcassets */; };
		C03A54511B01A87F0020FD05 /* LaunchScreen.xib in Resources */ = {isa = PBXBuildFile; fileRef = C03A544F1B01A87F0020FD05 /* LaunchScreen.xib */; };
		C03A545D1B01A87F0020FD05 /* Pitch_PerfectTests.swift in Sources */ = {isa = PBXBuildFile; fileRef = C03A545C1B01A87F0020FD05 /* Pitch_PerfectTests.swift */; };
		C070436F1B07185C00852AF8 /* RecordedAudio.swift in Sources */ = {isa = PBXBuildFile; fileRef = C070436E1B07185C00852AF8 /* RecordedAudio.swift */; };
		C095E5E01B044D26005905C8 /* PlaySoundsViewController.swift in Sources */ = {isa = PBXBuildFile; fileRef = C095E5DF1B044D26005905C8 /* PlaySoundsViewController.swift */; };
		C095E5EA1B046FA5005905C8 /* movie_quote.mp3 in Resources */ = {isa = PBXBuildFile; fileRef = C095E5E91B046FA5005905C8 /* movie_quote.mp3 */; };
/* End PBXBuildFile section */

/* Begin PBXContainerItemProxy section */
		C03A54571B01A87F0020FD05 /* PBXContainerItemProxy */ = {
			isa = PBXContainerItemProxy;
			containerPortal = C03A54391B01A87F0020FD05 /* Project object */;
			proxyType = 1;
			remoteGlobalIDString = C03A54401B01A87F0020FD05;
			remoteInfo = "Pitch Perfect";
		};
/* End PBXContainerItemProxy section */

/* Begin PBXFileReference section */
		C03A54411B01A87F0020FD05 /* Pitch Perfect.app */ = {isa = PBXFileReference; explicitFileType = wrapper.application; includeInIndex = 0; path = "Pitch Perfect.app"; sourceTree = BUILT_PRODUCTS_DIR; };
		C03A54451B01A87F0020FD05 /* Info.plist */ = {isa = PBXFileReference; lastKnownFileType = text.plist.xml; path = Info.plist; sourceTree = "<group>"; };
		C03A54461B01A87F0020FD05 /* AppDelegate.swift */ = {isa = PBXFileReference; lastKnownFileType = sourcecode.swift; path = AppDelegate.swift; sourceTree = "<group>"; };
		C03A54481B01A87F0020FD05 /* RecordSoundsViewController.swift */ = {isa = PBXFileReference; lastKnownFileType = sourcecode.swift; path = RecordSoundsViewController.swift; sourceTree = "<group>"; };
		C03A544B1B01A87F0020FD05 /* Base */ = {isa = PBXFileReference; lastKnownFileType = file.storyboard; name = Base; path = Base.lproj/Main.storyboard; sourceTree = "<group>"; };
		C03A544D1B01A87F0020FD05 /* Images.xcassets */ = {isa = PBXFileReference; lastKnownFileType = folder.assetcatalog; path = Images.xcassets; sourceTree = "<group>"; };
		C03A54501B01A87F0020FD05 /* Base */ = {isa = PBXFileReference; lastKnownFileType = file.xib; name = Base; path = Base.lproj/LaunchScreen.xib; sourceTree = "<group>"; };
		C03A54561B01A87F0020FD05 /* Pitch PerfectTests.xctest */ = {isa = PBXFileReference; explicitFileType = wrapper.cfbundle; includeInIndex = 0; path = "Pitch PerfectTests.xctest"; sourceTree = BUILT_PRODUCTS_DIR; };
		C03A545B1B01A87F0020FD05 /* Info.plist */ = {isa = PBXFileReference; lastKnownFileType = text.plist.xml; path = Info.plist; sourceTree = "<group>"; };
		C03A545C1B01A87F0020FD05 /* Pitch_PerfectTests.swift */ = {isa = PBXFileReference; lastKnownFileType = sourcecode.swift; path = Pitch_PerfectTests.swift; sourceTree = "<group>"; };
		C070436E1B07185C00852AF8 /* RecordedAudio.swift */ = {isa = PBXFileReference; fileEncoding = 4; lastKnownFileType = sourcecode.swift; path = RecordedAudio.swift; sourceTree = "<group>"; };
		C095E5DF1B044D26005905C8 /* PlaySoundsViewController.swift */ = {isa = PBXFileReference; fileEncoding = 4; lastKnownFileType = sourcecode.swift; path = PlaySoundsViewController.swift; sourceTree = "<group>"; };
		C095E5E91B046FA5005905C8 /* movie_quote.mp3 */ = {isa = PBXFileReference; lastKnownFileType = audio.mp3; name = movie_quote.mp3; path = ../movie_quote.mp3; sourceTree = "<group>"; };
/* End PBXFileReference section */

/* Begin PBXFrameworksBuildPhase section */
		C03A543E1B01A87F0020FD05 /* Frameworks */ = {
			isa = PBXFrameworksBuildPhase;
			buildActionMask = 2147483647;
			files = (
			);
			runOnlyForDeploymentPostprocessing = 0;
		};
		C03A54531B01A87F0020FD05 /* Frameworks */ = {
			isa = PBXFrameworksBuildPhase;
			buildActionMask = 2147483647;
			files = (
			);
			runOnlyForDeploymentPostprocessing = 0;
		};
/* End PBXFrameworksBuildPhase section */

/* Begin PBXGroup section */
		C03A54381B01A87F0020FD05 = {
			isa = PBXGroup;
			children = (
				C03A54431B01A87F0020FD05 /* Pitch Perfect */,
				C03A54591B01A87F0020FD05 /* Pitch PerfectTests */,
				C03A54421B01A87F0020FD05 /* Products */,
			);
			sourceTree = "<group>";
		};
		C03A54421B01A87F0020FD05 /* Products */ = {
			isa = PBXGroup;
			children = (
				C03A54411B01A87F0020FD05 /* Pitch Perfect.app */,
				C03A54561B01A87F0020FD05 /* Pitch PerfectTests.xctest */,
			);
			name = Products;
			sourceTree = "<group>";
		};
		C03A54431B01A87F0020FD05 /* Pitch Perfect */ = {
			isa = PBXGroup;
			children = (
				C03A54461B01A87F0020FD05 /* AppDelegate.swift */,
				C03A54481B01A87F0020FD05 /* RecordSoundsViewController.swift */,
				C095E5DF1B044D26005905C8 /* PlaySoundsViewController.swift */,
				C03A544A1B01A87F0020FD05 /* Main.storyboard */,
				C03A544D1B01A87F0020FD05 /* Images.xcassets */,
				C03A544F1B01A87F0020FD05 /* LaunchScreen.xib */,
				C03A54441B01A87F0020FD05 /* Supporting Files */,
				C070436E1B07185C00852AF8 /* RecordedAudio.swift */,
			);
			path = "Pitch Perfect";
			sourceTree = "<group>";
		};
		C03A54441B01A87F0020FD05 /* Supporting Files */ = {
			isa = PBXGroup;
			children = (
				C095E5E91B046FA5005905C8 /* movie_quote.mp3 */,
				C03A54451B01A87F0020FD05 /* Info.plist */,
			);
			name = "Supporting Files";
			sourceTree = "<group>";
		};
		C03A54591B01A87F0020FD05 /* Pitch PerfectTests */ = {
			isa = PBXGroup;
			children = (
				C03A545C1B01A87F0020FD05 /* Pitch_PerfectTests.swift */,
				C03A545A1B01A87F0020FD05 /* Supporting Files */,
			);
			path = "Pitch PerfectTests";
			sourceTree = "<group>";
		};
		C03A545A1B01A87F0020FD05 /* Supporting Files */ = {
			isa = PBXGroup;
			children = (
				C03A545B1B01A87F0020FD05 /* Info.plist */,
			);
			name = "Supporting Files";
			sourceTree = "<group>";
		};
/* End PBXGroup section */

/* Begin PBXNativeTarget section */
		C03A54401B01A87F0020FD05 /* Pitch Perfect */ = {
			isa = PBXNativeTarget;
			buildConfigurationList = C03A54601B01A87F0020FD05 /* Build configuration list for PBXNativeTarget "Pitch Perfect" */;
			buildPhases = (
				C03A543D1B01A87F0020FD05 /* Sources */,
				C03A543E1B01A87F0020FD05 /* Frameworks */,
				C03A543F1B01A87F0020FD05 /* Resources */,
			);
			buildRules = (
			);
			dependencies = (
			);
			name = "Pitch Perfect";
			productName = "Pitch Perfect";
			productReference = C03A54411B01A87F0020FD05 /* Pitch Perfect.app */;
			productType = "com.apple.product-type.application";
		};
		C03A54551B01A87F0020FD05 /* Pitch PerfectTests */ = {
			isa = PBXNativeTarget;
			buildConfigurationList = C03A54631B01A87F0020FD05 /* Build configuration list for PBXNativeTarget "Pitch PerfectTests" */;
			buildPhases = (
				C03A54521B01A87F0020FD05 /* Sources */,
				C03A54531B01A87F0020FD05 /* Frameworks */,
				C03A54541B01A87F0020FD05 /* Resources */,
			);
			buildRules = (
			);
			dependencies = (
				C03A54581B01A87F0020FD05 /* PBXTargetDependency */,
			);
			name = "Pitch PerfectTests";
			productName = "Pitch PerfectTests";
			productReference = C03A54561B01A87F0020FD05 /* Pitch PerfectTests.xctest */;
			productType = "com.apple.product-type.bundle.unit-test";
		};
/* End PBXNativeTarget section */

/* Begin PBXProject section */
		C03A54391B01A87F0020FD05 /* Project object */ = {
			isa = PBXProject;
			attributes = {
				LastUpgradeCheck = 0630;
				ORGANIZATIONNAME = "Laurent Nicolas";
				TargetAttributes = {
					C03A54401B01A87F0020FD05 = {
						CreatedOnToolsVersion = 6.3.1;
					};
					C03A54551B01A87F0020FD05 = {
						CreatedOnToolsVersion = 6.3.1;
						TestTargetID = C03A54401B01A87F0020FD05;
					};
				};
			};
			buildConfigurationList = C03A543C1B01A87F0020FD05 /* Build configuration list for PBXProject "Pitch Perfect" */;
			compatibilityVersion = "Xcode 3.2";
			developmentRegion = English;
			hasScannedForEncodings = 0;
			knownRegions = (
				en,
				Base,
			);
			mainGroup = C03A54381B01A87F0020FD05;
			productRefGroup = C03A54421B01A87F0020FD05 /* Products */;
			projectDirPath = "";
			projectRoot = "";
			targets = (
				C03A54401B01A87F0020FD05 /* Pitch Perfect */,
				C03A54551B01A87F0020FD05 /* Pitch PerfectTests */,
			);
		};
/* End PBXProject section */

/* Begin PBXResourcesBuildPhase section */
		C03A543F1B01A87F0020FD05 /* Resources */ = {
			isa = PBXResourcesBuildPhase;
			buildActionMask = 2147483647;
			files = (
				C03A544C1B01A87F0020FD05 /* Main.storyboard in Resources */,
				C03A54511B01A87F0020FD05 /* LaunchScreen.xib in Resources */,
				C095E5EA1B046FA5005905C8 /* movie_quote.mp3 in Resources */,
				C03A544E1B01A87F0020FD05 /* Images.xcassets in Resources */,
			);
			runOnlyForDeploymentPostprocessing = 0;
		};
		C03A54541B01A87F0020FD05 /* Resources */ = {
			isa = PBXResourcesBuildPhase;
			buildActionMask = 2147483647;
			files = (
			);
			runOnlyForDeploymentPostprocessing = 0;
		};
/* End PBXResourcesBuildPhase section */

/* Begin PBXSourcesBuildPhase section */
		C03A543D1B01A87F0020FD05 /* Sources */ = {
			isa = PBXSourcesBuildPhase;
			buildActionMask = 2147483647;
			files = (
				C070436F1B07185C00852AF8 /* RecordedAudio.swift in Sources */,
				C03A54491B01A87F0020FD05 /* RecordSoundsViewController.swift in Sources */,
				C095E5E01B044D26005905C8 /* PlaySoundsViewController.swift in Sources */,
				C03A54471B01A87F0020FD05 /* AppDelegate.swift in Sources */,
			);
			runOnlyForDeploymentPostprocessing = 0;
		};
		C03A54521B01A87F0020FD05 /* Sources */ = {
			isa = PBXSourcesBuildPhase;
			buildActionMask = 2147483647;
			files = (
				C03A545D1B01A87F0020FD05 /* Pitch_PerfectTests.swift in Sources */,
			);
			runOnlyForDeploymentPostprocessing = 0;
		};
/* End PBXSourcesBuildPhase section */

/* Begin PBXTargetDependency section */
		C03A54581B01A87F0020FD05 /* PBXTargetDependency */ = {
			isa = PBXTargetDependency;
			target = C03A54401B01A87F0020FD05 /* Pitch Perfect */;
			targetProxy = C03A54571B01A87F0020FD05 /* PBXContainerItemProxy */;
		};
/* End PBXTargetDependency section */

/* Begin PBXVariantGroup section */
		C03A544A1B01A87F0020FD05 /* Main.storyboard */ = {
			isa = PBXVariantGroup;
			children = (
				C03A544B1B01A87F0020FD05 /* Base */,
			);
			name = Main.storyboard;
			sourceTree = "<group>";
		};
		C03A544F1B01A87F0020FD05 /* LaunchScreen.xib */ = {
			isa = PBXVariantGroup;
			children = (
				C03A54501B01A87F0020FD05 /* Base */,
			);
			name = LaunchScreen.xib;
			sourceTree = "<group>";
		};
/* End PBXVariantGroup section */

/* Begin XCBuildConfiguration section */
		C03A545E1B01A87F0020FD05 /* Debug */ = {
			isa = XCBuildConfiguration;
			buildSettings = {
				ALWAYS_SEARCH_USER_PATHS = NO;
				CLANG_CXX_LANGUAGE_STANDARD = "gnu++0x";
				CLANG_CXX_LIBRARY = "libc++";
				CLANG_ENABLE_MODULES = YES;
				CLANG_ENABLE_OBJC_ARC = YES;
				CLANG_WARN_BOOL_CONVERSION = YES;
				CLANG_WARN_CONSTANT_CONVERSION = YES;
				CLANG_WARN_DIRECT_OBJC_ISA_USAGE = YES_ERROR;
				CLANG_WARN_EMPTY_BODY = YES;
				CLANG_WARN_ENUM_CONVERSION = YES;
				CLANG_WARN_INT_CONVERSION = YES;
				CLANG_WARN_OBJC_ROOT_CLASS = YES_ERROR;
				CLANG_WARN_UNREACHABLE_CODE = YES;
				CLANG_WARN__DUPLICATE_METHOD_MATCH = YES;
				"CODE_SIGN_IDENTITY[sdk=iphoneos*]" = "iPhone Developer";
				COPY_PHASE_STRIP = NO;
				DEBUG_INFORMATION_FORMAT = "dwarf-with-dsym";
				ENABLE_STRICT_OBJC_MSGSEND = YES;
				GCC_C_LANGUAGE_STANDARD = gnu99;
				GCC_DYNAMIC_NO_PIC = NO;
				GCC_NO_COMMON_BLOCKS = YES;
				GCC_OPTIMIZATION_LEVEL = 0;
				GCC_PREPROCESSOR_DEFINITIONS = (
					"DEBUG=1",
					"$(inherited)",
				);
				GCC_SYMBOLS_PRIVATE_EXTERN = NO;
				GCC_WARN_64_TO_32_BIT_CONVERSION = YES;
				GCC_WARN_ABOUT_RETURN_TYPE = YES_ERROR;
				GCC_WARN_UNDECLARED_SELECTOR = YES;
				GCC_WARN_UNINITIALIZED_AUTOS = YES_AGGRESSIVE;
				GCC_WARN_UNUSED_FUNCTION = YES;
				GCC_WARN_UNUSED_VARIABLE = YES;
				IPHONEOS_DEPLOYMENT_TARGET = 8.3;
				MTL_ENABLE_DEBUG_INFO = YES;
				ONLY_ACTIVE_ARCH = YES;
				SDKROOT = iphoneos;
				SWIFT_OPTIMIZATION_LEVEL = "-Onone";
			};
			name = Debug;
		};
		C03A545F1B01A87F0020FD05 /* Release */ = {
			isa = XCBuildConfiguration;
			buildSettings = {
				ALWAYS_SEARCH_USER_PATHS = NO;
				CLANG_CXX_LANGUAGE_STANDARD = "gnu++0x";
				CLANG_CXX_LIBRARY = "libc++";
				CLANG_ENABLE_MODULES = YES;
				CLANG_ENABLE_OBJC_ARC = YES;
				CLANG_WARN_BOOL_CONVERSION = YES;
				CLANG_WARN_CONSTANT_CONVERSION = YES;
				CLANG_WARN_DIRECT_OBJC_ISA_USAGE = YES_ERROR;
				CLANG_WARN_EMPTY_BODY = YES;
				CLANG_WARN_ENUM_CONVERSION = YES;
				CLANG_WARN_INT_CONVERSION = YES;
				CLANG_WARN_OBJC_ROOT_CLASS = YES_ERROR;
				CLANG_WARN_UNREACHABLE_CODE = YES;
				CLANG_WARN__DUPLICATE_METHOD_MATCH = YES;
				"CODE_SIGN_IDENTITY[sdk=iphoneos*]" = "iPhone Developer";
				COPY_PHASE_STRIP = NO;
				DEBUG_INFORMATION_FORMAT = "dwarf-with-dsym";
				ENABLE_NS_ASSERTIONS = NO;
				ENABLE_STRICT_OBJC_MSGSEND = YES;
				GCC_C_LANGUAGE_STANDARD = gnu99;
				GCC_NO_COMMON_BLOCKS = YES;
				GCC_WARN_64_TO_32_BIT_CONVERSION = YES;
				GCC_WARN_ABOUT_RETURN_TYPE = YES_ERROR;
				GCC_WARN_UNDECLARED_SELECTOR = YES;
				GCC_WARN_UNINITIALIZED_AUTOS = YES_AGGRESSIVE;
				GCC_WARN_UNUSED_FUNCTION = YES;
				GCC_WARN_UNUSED_VARIABLE = YES;
				IPHONEOS_DEPLOYMENT_TARGET = 8.3;
				MTL_ENABLE_DEBUG_INFO = NO;
				SDKROOT = iphoneos;
				VALIDATE_PRODUCT = YES;
			};
			name = Release;
		};
		C03A54611B01A87F0020FD05 /* Debug */ = {
			isa = XCBuildConfiguration;
			buildSettings = {
				ASSETCATALOG_COMPILER_APPICON_NAME = AppIcon;
				INFOPLIST_FILE = "Pitch Perfect/Info.plist";
				LD_RUNPATH_SEARCH_PATHS = "$(inherited) @executable_path/Frameworks";
				PRODUCT_NAME = "$(TARGET_NAME)";
			};
			name = Debug;
		};
		C03A54621B01A87F0020FD05 /* Release */ = {
			isa = XCBuildConfiguration;
			buildSettings = {
				ASSETCATALOG_COMPILER_APPICON_NAME = AppIcon;
				INFOPLIST_FILE = "Pitch Perfect/Info.plist";
				LD_RUNPATH_SEARCH_PATHS = "$(inherited) @executable_path/Frameworks";
				PRODUCT_NAME = "$(TARGET_NAME)";
			};
			name = Release;
		};
		C03A54641B01A87F0020FD05 /* Debug */ = {
			isa = XCBuildConfiguration;
			buildSettings = {
				BUNDLE_LOADER = "$(TEST_HOST)";
				FRAMEWORK_SEARCH_PATHS = (
					"$(SDKROOT)/Developer/Library/Frameworks",
					"$(inherited)",
				);
				GCC_PREPROCESSOR_DEFINITIONS = (
					"DEBUG=1",
					"$(inherited)",
				);
				INFOPLIST_FILE = "Pitch PerfectTests/Info.plist";
				LD_RUNPATH_SEARCH_PATHS = "$(inherited) @executable_path/Frameworks @loader_path/Frameworks";
				PRODUCT_NAME = "$(TARGET_NAME)";
				TEST_HOST = "$(BUILT_PRODUCTS_DIR)/Pitch Perfect.app/Pitch Perfect";
			};
			name = Debug;
		};
		C03A54651B01A87F0020FD05 /* Release */ = {
			isa = XCBuildConfiguration;
			buildSettings = {
				BUNDLE_LOADER = "$(TEST_HOST)";
				FRAMEWORK_SEARCH_PATHS = (
					"$(SDKROOT)/Developer/Library/Frameworks",
					"$(inherited)",
				);
				INFOPLIST_FILE = "Pitch PerfectTests/Info.plist";
				LD_RUNPATH_SEARCH_PATHS = "$(inherited) @executable_path/Frameworks @loader_path/Frameworks";
				PRODUCT_NAME = "$(TARGET_NAME)";
				TEST_HOST = "$(BUILT_PRODUCTS_DIR)/Pitch Perfect.app/Pitch Perfect";
			};
			name = Release;
		};
/* End XCBuildConfiguration section */

/* Begin XCConfigurationList section */
		C03A543C1B01A87F0020FD05 /* Build configuration list for PBXProject "Pitch Perfect" */ = {
			isa = XCConfigurationList;
			buildConfigurations = (
				C03A545E1B01A87F0020FD05 /* Debug */,
				C03A545F1B01A87F0020FD05 /* Release */,
			);
			defaultConfigurationIsVisible = 0;
			defaultConfigurationName = Release;
		};
		C03A54601B01A87F0020FD05 /* Build configuration list for PBXNativeTarget "Pitch Perfect" */ = {
			isa = XCConfigurationList;
			buildConfigurations = (
				C03A54611B01A87F0020FD05 /* Debug */,
				C03A54621B01A87F0020FD05 /* Release */,
			);
			defaultConfigurationIsVisible = 0;
			defaultConfigurationName = Release;
		};
		C03A54631B01A87F0020FD05 /* Build configuration list for PBXNativeTarget "Pitch PerfectTests" */ = {
			isa = XCConfigurationList;
			buildConfigurations = (
				C03A54641B01A87F0020FD05 /* Debug */,
				C03A54651B01A87F0020FD05 /* Release */,
			);
			defaultConfigurationIsVisible = 0;
			defaultConfigurationName = Release;
		};
/* End XCConfigurationList section */
	};
	rootObject = C03A54391B01A87F0020FD05 /* Project object */;
}
